PODS:
  - Reindeer (0.1.0)
  - Snowflake (0.1.0):
    - Reindeer

DEPENDENCIES:
  - Reindeer (from `https://github.com/onmyway133/Reindeer.git`)
  - Snowflake (from `../../`)

EXTERNAL SOURCES:
  Reindeer:
    :git: https://github.com/onmyway133/Reindeer.git
  Snowflake:
    :path: "../../"

CHECKOUT OPTIONS:
  Reindeer:
    :commit: a54a2ea47a77b2e17909eed645e10b3cb98154f7
    :git: https://github.com/onmyway133/Reindeer.git

SPEC CHECKSUMS:
  Reindeer: 5c8a1482ee64921a75dab7a1576f744f3c4b0f53
  Snowflake: e1ea5af063667f25a555ab4a4717db4a50084009

PODFILE CHECKSUM: ee366032e0cd8f2c89dbc54de6e312e70a17847f

COCOAPODS: 1.1.1
