PODS:
  - Reindeers (1.4.0)
  - Snowflake (2.0.0):
    - Reindeers

DEPENDENCIES:
  - Reindeers (from `https://github.com/onmyway133/Reindeers.git`)
  - Snowflake (from `../../`)

EXTERNAL SOURCES:
  Reindeers:
    :git: https://github.com/onmyway133/Reindeers.git
  Snowflake:
    :path: ../../

CHECKOUT OPTIONS:
  Reindeers:
    :commit: ad168d179c92a02234571b780464501ebb400b38
    :git: https://github.com/onmyway133/Reindeers.git

SPEC CHECKSUMS:
  Reindeers: 127885abe17f77718c87fa9c58a7ce3a093c2076
  Snowflake: 4dcae88c3531c69b5e04a31d888b2f6ad34681cb

PODFILE CHECKSUM: 4be3205092676c7c5c0b782c7dc96bd479a27e18

COCOAPODS: 1.4.0
