PODS:
  - FantasticSnowflake (2.3.0):
    - Reindeers
  - Reindeers (2.2.0)

DEPENDENCIES:
  - FantasticSnowflake (from `../../`)
  - Reindeers (from `https://github.com/onmyway133/Reindeers.git`)

EXTERNAL SOURCES:
  FantasticSnowflake:
    :path: "../../"
  Reindeers:
    :git: https://github.com/onmyway133/Reindeers.git

CHECKOUT OPTIONS:
  Reindeers:
    :commit: 9499a4cc6f104ea21295c21309d7ff51a6d451e7
    :git: https://github.com/onmyway133/Reindeers.git

SPEC CHECKSUMS:
  FantasticSnowflake: 6bdb9321ce466a20c374ae6cb61554e7fd370445
  Reindeers: 0c781130bc9088550c70d02a1caf3e328a4b1126

PODFILE CHECKSUM: b35916a2026a4c82ff58294a8152f2fbd4606f5c

COCOAPODS: 1.7.0.beta.3
